{
  "requires": true,
  "lockfileVersion": 1,
  "dependencies": {
    "gmail-js": {
      "version": "0.7.6",
      "resolved": "https://registry.npmjs.org/gmail-js/-/gmail-js-0.7.6.tgz",
      "integrity": "sha512-wq588q48XcmoOQ6+yS7MuOO4RgyA9gqs76iieqxU9+T/uspQxI+NwwVip3wDaaKOpwU2nBOM7UZk8DZ92uj7+g==",
      "requires": {
        "jquery": "^3.3.1"
      }
    },
    "jquery": {
      "version": "3.3.1",
      "resolved": "https://registry.npmjs.org/jquery/-/jquery-3.3.1.tgz",
      "integrity": "sha512-Ubldcmxp5np52/ENotGxlLe6aGMvmF4R8S6tZjsP6Knsaxd/xp3Zrh50cG93lR6nPXyUFwzN3ZSOQI0wRJNdGg=="
    }
  }
}
